
Microsoft Visual Studio Solution File, Format Version 12.00
# Visual Studio Version 16
VisualStudioVersion = 16.0.31321.278
MinimumVisualStudioVersion = 10.0.40219.1
Project("{FAE04EC0-301F-11D3-BF4B-00C04F79EFBC}") = "tcsLearn4", "tcsLearn4\tcsLearn4.csproj", "{BFF69575-FF4E-45E1-B278-CB2438C74810}"
EndProject
Global
	GlobalSection(SolutionConfigurationPlatforms) = preSolution
		Debug|Any CPU = Debug|Any CPU
		Release|Any CPU = Release|Any CPU
	EndGlobalSection
	GlobalSection(ProjectConfigurationPlatforms) = postSolution
		{BFF69575-FF4E-45E1-B278-CB2438C74810}.Debug|Any CPU.ActiveCfg = Debug|Any CPU
		{BFF69575-FF4E-45E1-B278-CB2438C74810}.Debug|Any CPU.Build.0 = Debug|Any CPU
		{BFF69575-FF4E-45E1-B278-CB2438C74810}.Release|Any CPU.ActiveCfg = Release|Any CPU
		{BFF69575-FF4E-45E1-B278-CB2438C74810}.Release|Any CPU.Build.0 = Release|Any CPU
	EndGlobalSection
	GlobalSection(SolutionProperties) = preSolution
		HideSolutionNode = FALSE
	EndGlobalSection
	GlobalSection(ExtensibilityGlobals) = postSolution
		SolutionGuid = {0F6BD1F1-3384-48BA-ABDE-7CF9BFF53FC1}
	EndGlobalSection
EndGlobal
